
Microsoft Visual Studio Solution File, Format Version 12.00
# Visual Studio Version 17
VisualStudioVersion = 17.4.33403.182
MinimumVisualStudioVersion = 10.0.40219.1
Project("{9A19103F-16F7-4668-BE54-9A1E7A4F7556}") = "PersonsApi", "PersonsApi\PersonsApi.csproj", "{CDF557CD-742B-41D7-87FB-3449527CCBB0}"
EndProject
Project("{FAE04EC0-301F-11D3-BF4B-00C04F79EFBC}") = "PersonsApi.Test", "PersonsApi.Test\PersonsApi.Test.csproj", "{552A5656-48B3-4E6B-8BB8-8787903AB142}"
EndProject
Global
	GlobalSection(SolutionConfigurationPlatforms) = preSolution
		Debug|Any CPU = Debug|Any CPU
		Release|Any CPU = Release|Any CPU
	EndGlobalSection
	GlobalSection(ProjectConfigurationPlatforms) = postSolution
		{CDF557CD-742B-41D7-87FB-3449527CCBB0}.Debug|Any CPU.ActiveCfg = Debug|Any CPU
		{CDF557CD-742B-41D7-87FB-3449527CCBB0}.Debug|Any CPU.Build.0 = Debug|Any CPU
		{CDF557CD-742B-41D7-87FB-3449527CCBB0}.Release|Any CPU.ActiveCfg = Release|Any CPU
		{CDF557CD-742B-41D7-87FB-3449527CCBB0}.Release|Any CPU.Build.0 = Release|Any CPU
		{552A5656-48B3-4E6B-8BB8-8787903AB142}.Debug|Any CPU.ActiveCfg = Debug|Any CPU
		{552A5656-48B3-4E6B-8BB8-8787903AB142}.Debug|Any CPU.Build.0 = Debug|Any CPU
		{552A5656-48B3-4E6B-8BB8-8787903AB142}.Release|Any CPU.ActiveCfg = Release|Any CPU
		{552A5656-48B3-4E6B-8BB8-8787903AB142}.Release|Any CPU.Build.0 = Release|Any CPU
	EndGlobalSection
	GlobalSection(SolutionProperties) = preSolution
		HideSolutionNode = FALSE
	EndGlobalSection
	GlobalSection(ExtensibilityGlobals) = postSolution
		SolutionGuid = {A26FE3BF-2071-472A-BE5C-DE7475218A0A}
	EndGlobalSection
EndGlobal
